# This file is autogenerated, do not edit; changes may be undone by the next 'dep ensure'.


[[projects]]
  branch = "master"
  digest = "1:707ebe952a8b3d00b343c01536c79c73771d100f63ec6babeaed5c79e2b8a8dd"
  name = "github.com/beorn7/perks"
  packages = ["quantile"]
  pruneopts = "NUT"
  revision = "3a771d992973f24aa725d07868b467d1ddfceafb"

[[projects]]
  branch = "master"
  digest = "1:8ecb89af7dfe3ac401bdb0c9390b134ef96a97e85f732d2b0604fb7b3977839f"
  name = "github.com/codahale/hdrhistogram"
  packages = ["."]
  pruneopts = "NUT"
  revision = "3a0bb77429bd3a61596f5e8a3172445844342120"

[[projects]]
  branch = "master"
  digest = "1:ea77235a4b2c30ec49399bc8376fcb9ceab8b7726b7426e845fc651ae56af5f5"
  name = "github.com/die-net/lrucache"
  packages = ["."]
  pruneopts = "NUT"
  revision = "f89ea99a4e435defb7c85e4e5cc5030e7cbae0dd"

[[projects]]
  digest = "1:e9fd9fdb68a32484b36fd855dcceb8938c285d12868d36b5518f36aa5e01139a"
  name = "github.com/fhs/go-netrc"
  packages = ["netrc"]
  pruneopts = "NUT"
  revision = "4ffed54ee5c32ebfb1b8c7c72fc90bb08dc3ff43"
  version = "v1.0.0"

[[projects]]
  digest = "1:a1efdbc2762667c8a41cbf02b19a0549c846bf2c1d08cad4f445e3344089f1f0"
  name = "github.com/go-stack/stack"
  packages = ["."]
  pruneopts = "NUT"
  revision = "259ab82a6cad3992b4e21ff5cac294ccb06474bc"
  version = "v1.7.0"

[[projects]]
  digest = "1:38e684375ef5b55e812332266d63f9fc5b6329ab303067c4cdda051db6d29ca4"
  name = "github.com/gogo/protobuf"
  packages = ["proto"]
  pruneopts = "NUT"
  revision = "636bf0302bc95575d69441b25a2603156ffdddf1"
  version = "v1.1.1"

[[projects]]
  digest = "1:698b57d2e177534bca3e8ee5eee05968dd14dc4fe1d015e3fb6237ff10e8826a"
  name = "github.com/golang/protobuf"
  packages = [
    "proto",
    "protoc-gen-go/descriptor",
    "ptypes",
    "ptypes/any",
    "ptypes/duration",
    "ptypes/timestamp",
  ]
  pruneopts = "NUT"
  revision = "b4deda0973fb4c70b50d226b1af49f3da59f5265"
  version = "v1.1.0"

[[projects]]
  digest = "1:4a0c072e44da763409da72d41492373a034baf2e6d849c76d239b4abdfbb6c49"
  name = "github.com/gorilla/websocket"
  packages = ["."]
  pruneopts = "NUT"
  revision = "66b9c49e59c6c48f0ffce28c2d8b8a5678502c6d"
  version = "v1.4.0"

[[projects]]
  branch = "master"
  digest = "1:dccdc65f02deecb82d4f4a087ddc9556402114b6deb9cb8b24cdbd86c7c0aac7"
  name = "github.com/gregjones/httpcache"
  packages = ["."]
  pruneopts = "NUT"
  revision = "c63ab54fda8f77302f8d414e19933f2b6026a089"

[[projects]]
  digest = "1:f0d9d74edbd40fdeada436d5ac9cb5197407899af3fef85ff0137077ffe8ae19"
  name = "github.com/hashicorp/errwrap"
  packages = ["."]
  pruneopts = "NUT"
  revision = "8a6fb523712970c966eefc6b39ed2c5e74880354"
  version = "v1.0.0"

[[projects]]
  digest = "1:2ed138049ab373f696db2081ca48f15c5abdf20893803612a284f2bdce2bf443"
  name = "github.com/hashicorp/go-multierror"
  packages = ["."]
  pruneopts = "NUT"
  revision = "886a7fbe3eb1c874d46f623bfa70af45f425b3d1"
  version = "v1.0.0"

[[projects]]
  branch = "master"
  digest = "1:13e2fa5735a82a5fb044f290cfd0dba633d1c5e516b27da0509e0dbb3515a18e"
  name = "github.com/hashicorp/golang-lru"
  packages = [
    ".",
    "simplelru",
  ]
  pruneopts = "NUT"
  revision = "0fb14efe8c47ae851c0034ed7a448854d3d34cf3"

[[projects]]
  digest = "1:8b788c9b56345940452eebd9cffae6f9f8ab67d6cab62e51d360aeae2286088d"
  name = "github.com/keegancsmith/tmpfriend"
  packages = ["."]
  pruneopts = "NUT"
  revision = "8cd4ff81b86b4b424d900910cefa16ff016acfea"
  version = "v0.1"

[[projects]]
  digest = "1:c9f6002218a23250d551df200241ea6907f15b0677777bee852239d7c24ccf93"
  name = "github.com/lightstep/lightstep-tracer-go"
  packages = [
    ".",
    "collectorpb",
    "lightstep/rand",
    "lightstep_thrift",
    "lightsteppb",
    "thrift_0_9_2/lib/go/thrift",
  ]
  pruneopts = "NUT"
  revision = "87a8ccb2b6d479c7bc6c5ce556671aa194523655"
  version = "v0.15.6"

[[projects]]
  digest = "1:08c231ec84231a7e23d67e4b58f975e1423695a32467a362ee55a803f9de8061"
  name = "github.com/mattn/go-colorable"
  packages = ["."]
  pruneopts = "NUT"
  revision = "167de6bfdfba052fa6b2d3664c8f5272e23c9072"
  version = "v0.0.9"

[[projects]]
  digest = "1:bc4f7eec3b7be8c6cb1f0af6c1e3333d5bb71072951aaaae2f05067b0803f287"
  name = "github.com/mattn/go-isatty"
  packages = ["."]
  pruneopts = "NUT"
  revision = "0360b2af4f38e8d38c7fce2a9f4e702702d73a39"
  version = "v0.0.3"

[[projects]]
  digest = "1:5985ef4caf91ece5d54817c11ea25f182697534f8ae6521eadcd628c142ac4b6"
  name = "github.com/matttproud/golang_protobuf_extensions"
  packages = ["pbutil"]
  pruneopts = "NUT"
  revision = "c12348ce28de40eed0136aa2b644d0ee0650e56c"
  version = "v1.0.1"

[[projects]]
  branch = "master"
  digest = "1:6cdff2bb2971113605890ee95b4301bed58c7061ff5e1bb7ce34a8e6f65287e1"
  name = "github.com/neelance/parallel"
  packages = ["."]
  pruneopts = "NUT"
  revision = "4de9ce63d14c18517a79efe69e10e99d32c850c3"

[[projects]]
  digest = "1:cc405544fecfb5a8e0c409127ef67ce3b91d11143a00121e5b822e4f8eabe7d2"
  name = "github.com/opentracing/basictracer-go"
  packages = [
    ".",
    "wire",
  ]
  pruneopts = "NUT"
  revision = "1b32af207119a14b1b231d451df3ed04a72efebf"
  version = "v1.0.0"

[[projects]]
  digest = "1:7da29c22bcc5c2ffb308324377dc00b5084650348c2799e573ed226d8cc9faf0"
  name = "github.com/opentracing/opentracing-go"
  packages = [
    ".",
    "ext",
    "log",
  ]
  pruneopts = "NUT"
  revision = "1949ddbfd147afd4d964a9f00b24eb291e0e7c38"
  version = "v1.0.2"

[[projects]]
  digest = "1:51ea800cff51752ff68e12e04106f5887b4daec6f9356721238c28019f0b42db"
  name = "github.com/pelletier/go-toml"
  packages = ["."]
  pruneopts = "NUT"
  revision = "c01d1270ff3e442a8a57cddc1c92dc1138598194"
  version = "v1.2.0"

[[projects]]
  digest = "1:5cf3f025cbee5951a4ee961de067c8a89fc95a5adabead774f82822efabab121"
  name = "github.com/pkg/errors"
  packages = ["."]
  pruneopts = "NUT"
  revision = "645ef00459ed84a119197bfb8d8205042c6df63d"
  version = "v0.8.0"

[[projects]]
  digest = "1:0028cb19b2e4c3112225cd871870f2d9cf49b9b4276531f03438a88e94be86fe"
  name = "github.com/pmezard/go-difflib"
  packages = ["difflib"]
  pruneopts = "NUT"
  revision = "792786c7400a136282c1664665ae0a8db921c6c2"
  version = "v1.0.0"

[[projects]]
  digest = "1:03bca087b180bf24c4f9060775f137775550a0834e18f0bca0520a868679dbd7"
  name = "github.com/prometheus/client_golang"
  packages = [
    "prometheus",
    "prometheus/promhttp",
  ]
  pruneopts = "NUT"
  revision = "c5b7fccd204277076155f10851dad72b76a49317"
  version = "v0.8.0"

[[projects]]
  branch = "master"
  digest = "1:2d5cd61daa5565187e1d96bae64dbbc6080dacf741448e9629c64fd93203b0d4"
  name = "github.com/prometheus/client_model"
  packages = ["go"]
  pruneopts = "NUT"
  revision = "5c3871d89910bfb32f5fcab2aa4b9ec68e65a99f"

[[projects]]
  branch = "master"
  digest = "1:fad5a35eea6a1a33d6c8f949fbc146f24275ca809ece854248187683f52cc30b"
  name = "github.com/prometheus/common"
  packages = [
    "expfmt",
    "internal/bitbucket.org/ww/goautoneg",
    "model",
  ]
  pruneopts = "NUT"
  revision = "c7de2306084e37d54b8be01f3541a8464345e9a5"

[[projects]]
  branch = "master"
  digest = "1:6621142cd60b7150ab66f38ff36303ca55843dc5a635c1f9a28f95ecddab72b4"
  name = "github.com/prometheus/procfs"
  packages = [
    ".",
    "internal/util",
    "nfs",
    "xfs",
  ]
  pruneopts = "NUT"
  revision = "05ee40e3a273f7245e8777337fc7b46e533a9a92"

[[projects]]
  branch = "master"
  digest = "1:3d38e429639a1b02eedef0f78efef7395873c88894385b4bf9bc5d38e2b84c60"
  name = "github.com/slimsag/godocmd"
  packages = ["."]
  pruneopts = "NUT"
  revision = "a1005ad29fe3e4831773a8184ee7ebb3a41d1347"

[[projects]]
  branch = "master"
  digest = "1:452c725861abbd31a8abbb86771e00999dfcd95d586a6fa633dfbecf8690ced4"
  name = "github.com/sourcegraph/ctxvfs"
  packages = ["."]
  pruneopts = "NUT"
  revision = "2b65f1b1ea81f660ad7bc9931991f39617eb783e"

[[projects]]
  branch = "master"
  digest = "1:9217104be49ca437fc308de7bb15376d8da36ec0c5450e340b3441bafea8b58f"
  name = "github.com/sourcegraph/go-lsp"
  packages = [
    ".",
    "lspext",
  ]
  pruneopts = "NUT"
  revision = "0c7d621186c1c8684f3d97868f6970b326609cc7"

[[projects]]
  branch = "master"
  digest = "1:76b5b88cf137c6081f0465a291ba02598047b68226069efca9d5229ce3696166"
  name = "github.com/sourcegraph/jsonrpc2"
  packages = [
    ".",
    "websocket",
  ]
  pruneopts = "NUT"
  revision = "a3d86c792f0f5a0c0c2c4ed9157125e914cb5534"

[[projects]]
  branch = "master"
  digest = "1:8d52236029a9725a805528026e42cbf37d06c5b51ddebaffd338b75be51ac11e"
  name = "github.com/sourcegraph/jsonx"
  packages = ["."]
  pruneopts = "NUT"
  revision = "5a4ae5eb18cdbc32deeca612618eb6c34020f59d"

[[projects]]
  digest = "1:87dee780f88f86f300bbd90116e933347cf4a3c65c1960072d412597a8896d50"
  name = "github.com/uber/jaeger-client-go"
  packages = [
    ".",
    "config",
    "internal/baggage",
    "internal/baggage/remote",
    "internal/spanlog",
    "internal/throttler",
    "internal/throttler/remote",
    "log",
    "rpcmetrics",
    "thrift",
    "thrift-gen/agent",
    "thrift-gen/baggage",
    "thrift-gen/jaeger",
    "thrift-gen/sampling",
    "thrift-gen/zipkincore",
    "transport",
    "utils",
  ]
  pruneopts = "NUT"
  revision = "1a782e2da844727691fef1757c72eb190c2909f0"
  version = "v2.15.0"

[[projects]]
  digest = "1:0f09db8429e19d57c8346ad76fbbc679341fa86073d3b8fb5ac919f0357d8f4c"
  name = "github.com/uber/jaeger-lib"
  packages = ["metrics"]
  pruneopts = "NUT"
  revision = "ed3a127ec5fef7ae9ea95b01b542c47fbd999ce5"
  version = "v1.5.0"

[[projects]]
  branch = "master"
  digest = "1:4533a8adf10ee399fd0486d4e290dd2fe59ec204142676a8f475610129211699"
  name = "go4.org"
  packages = [
    "reflectutil",
    "sort",
  ]
  pruneopts = "NUT"
  revision = "00e24f1b25994999399dee600cb8f35a45f519dc"

[[projects]]
  branch = "master"
  digest = "1:02273d049feabfd8cd7c1d82a32333569fcaa4295e72fe62ac5ea3ea8895e383"
  name = "golang.org/x/net"
  packages = [
    "context",
    "context/ctxhttp",
    "http/httpguts",
    "http2",
    "http2/hpack",
    "idna",
    "internal/timeseries",
    "trace",
  ]
  pruneopts = "NUT"
  revision = "f4c29de78a2a91c00474a2e689954305c350adf9"

[[projects]]
  branch = "master"
  digest = "1:35c59c51326ae24971faecb338cff208df4a4cb8b41ae5719840ca89e1ed2f34"
  name = "golang.org/x/sys"
  packages = ["unix"]
  pruneopts = "NUT"
  revision = "2be389f392cd91df245b41638f818a1c041f0c08"

[[projects]]
  digest = "1:e7071ed636b5422cc51c0e3a6cebc229d6c9fffc528814b519a980641422d619"
  name = "golang.org/x/text"
  packages = [
    "collate",
    "collate/build",
    "internal/colltab",
    "internal/gen",
    "internal/tag",
    "internal/triegen",
    "internal/ucd",
    "language",
    "secure/bidirule",
    "transform",
    "unicode/bidi",
    "unicode/cldr",
    "unicode/norm",
    "unicode/rangetable",
  ]
  pruneopts = "NUT"
  revision = "f21a4dfb5e38f5895301dc265a8def02365cc3d0"
  version = "v0.3.0"

[[projects]]
  branch = "master"
  digest = "1:ea7e75e4bf81ee30c02b5073618ee461fd5ed521ffe63015593fec36d9fe03ce"
  name = "golang.org/x/tools"
  packages = [
    "go/ast/astutil",
    "go/buildutil",
    "go/gcexportdata",
    "go/internal/cgo",
    "go/internal/gcimporter",
    "go/loader",
    "go/packages",
    "go/packages/golist",
    "go/packages/raw",
    "go/types/typeutil",
    "godoc/vfs",
    "godoc/vfs/zipfs",
    "imports",
    "internal/fastwalk",
    "refactor/importgraph",
  ]
  pruneopts = "NUT"
  revision = "3c07937fe18c27668fd78bbaed3d6b8b39e202ea"

[[projects]]
  branch = "master"
  digest = "1:ec1919b8b80839559effbe3eabcebf92238d12d3dd9182e51deb5da3ed12e5e9"
  name = "google.golang.org/genproto"
  packages = [
    "googleapis/api/annotations",
    "googleapis/rpc/status",
  ]
  pruneopts = "NUT"
  revision = "31ac5d88444a9e7ad18077db9a165d793ad06a2e"

[[projects]]
  digest = "1:2f91d3e11b666570f8c923912f1cc8cf2f0c6b7371b2687ee67a8f73f08c6272"
  name = "google.golang.org/grpc"
  packages = [
    ".",
    "balancer",
    "balancer/base",
    "balancer/roundrobin",
    "codes",
    "connectivity",
    "credentials",
    "encoding",
    "encoding/proto",
    "grpclog",
    "internal",
    "internal/backoff",
    "internal/channelz",
    "internal/envconfig",
    "internal/grpcrand",
    "internal/transport",
    "keepalive",
    "metadata",
    "naming",
    "peer",
    "resolver",
    "resolver/dns",
    "resolver/passthrough",
    "stats",
    "status",
    "tap",
  ]
  pruneopts = "NUT"
  revision = "2e463a05d100327ca47ac218281906921038fd95"
  version = "v1.16.0"

[[projects]]
  digest = "1:efbe016b6d198cf44f1db0ed2fbdf1b36ebf1f6956cc9b76d6affa96f022d368"
  name = "gopkg.in/inconshreveable/log15.v2"
  packages = ["."]
  pruneopts = "NUT"
  revision = "0decfc6c20d9ca0ad143b0e89dcaa20f810b4fb3"
  version = "v2.13"

[[projects]]
  digest = "1:7c95b35057a0ff2e19f707173cc1a947fa43a6eb5c4d300d196ece0334046082"
  name = "gopkg.in/yaml.v2"
  packages = ["."]
  pruneopts = "NUT"
  revision = "5420a8b6744d3b0345ab293f6fcba19c978f1183"
  version = "v2.2.1"

[solve-meta]
  analyzer-name = "dep"
  analyzer-version = 1
  input-imports = [
    "github.com/die-net/lrucache",
    "github.com/fhs/go-netrc/netrc",
    "github.com/gorilla/websocket",
    "github.com/gregjones/httpcache",
    "github.com/hashicorp/go-multierror",
    "github.com/hashicorp/golang-lru",
    "github.com/keegancsmith/tmpfriend",
    "github.com/lightstep/lightstep-tracer-go",
    "github.com/neelance/parallel",
    "github.com/opentracing/basictracer-go",
    "github.com/opentracing/opentracing-go",
    "github.com/opentracing/opentracing-go/ext",
    "github.com/opentracing/opentracing-go/log",
    "github.com/pelletier/go-toml",
    "github.com/pkg/errors",
    "github.com/pmezard/go-difflib/difflib",
    "github.com/prometheus/client_golang/prometheus",
    "github.com/prometheus/client_golang/prometheus/promhttp",
    "github.com/slimsag/godocmd",
    "github.com/sourcegraph/ctxvfs",
    "github.com/sourcegraph/go-lsp",
    "github.com/sourcegraph/go-lsp/lspext",
    "github.com/sourcegraph/jsonrpc2",
    "github.com/sourcegraph/jsonrpc2/websocket",
    "github.com/sourcegraph/jsonx",
    "github.com/uber/jaeger-client-go",
    "github.com/uber/jaeger-client-go/config",
    "github.com/uber/jaeger-client-go/log",
    "github.com/uber/jaeger-lib/metrics",
    "go4.org/sort",
    "golang.org/x/net/context",
    "golang.org/x/net/context/ctxhttp",
    "golang.org/x/net/trace",
    "golang.org/x/tools/go/ast/astutil",
    "golang.org/x/tools/go/buildutil",
    "golang.org/x/tools/go/loader",
    "golang.org/x/tools/go/packages",
    "golang.org/x/tools/go/types/typeutil",
    "golang.org/x/tools/godoc/vfs",
    "golang.org/x/tools/godoc/vfs/zipfs",
    "golang.org/x/tools/imports",
    "golang.org/x/tools/refactor/importgraph",
    "gopkg.in/inconshreveable/log15.v2",
    "gopkg.in/yaml.v2",
  ]
  solver-name = "gps-cdcl"
  solver-version = 1
